// !$*UTF8*$!
{
	archiveVersion = 1;
	classes = {
	};
	objectVersion = 50;
	objects = {

/* Begin PBXBuildFile section */
		1106925B25E18AF60012F496 /* AppDelegate.swift in Sources */ = {isa = PBXBuildFile; fileRef = 1106925A25E18AF60012F496 /* AppDelegate.swift */; };
		1106927D25E1905D0012F496 /* EMMAPluginPrism.framework in Frameworks */ = {isa = PBXBuildFile; fileRef = 1106927425E18F980012F496 /* EMMAPluginPrism.framework */; };
		1106927E25E1905D0012F496 /* EMMAPluginPrism.framework in Embed Frameworks */ = {isa = PBXBuildFile; fileRef = 1106927425E18F980012F496 /* EMMAPluginPrism.framework */; settings = {ATTRIBUTES = (CodeSignOnCopy, RemoveHeadersOnCopy, ); }; };
		110ED45C25E01B870010881E /* PluginPrismDemoApp.swift in Sources */ = {isa = PBXBuildFile; fileRef = 110ED45B25E01B870010881E /* PluginPrismDemoApp.swift */; };
		110ED45E25E01B880010881E /* ContentView.swift in Sources */ = {isa = PBXBuildFile; fileRef = 110ED45D25E01B880010881E /* ContentView.swift */; };
		110ED46025E01B880010881E /* Assets.xcassets in Resources */ = {isa = PBXBuildFile; fileRef = 110ED45F25E01B880010881E /* Assets.xcassets */; };
		110ED46325E01B880010881E /* Preview Assets.xcassets in Resources */ = {isa = PBXBuildFile; fileRef = 110ED46225E01B880010881E /* Preview Assets.xcassets */; };
		110ED46E25E01B880010881E /* PluginPrismDemoTests.swift in Sources */ = {isa = PBXBuildFile; fileRef = 110ED46D25E01B880010881E /* PluginPrismDemoTests.swift */; };
		110ED47925E01B880010881E /* PluginPrismDemoUITests.swift in Sources */ = {isa = PBXBuildFile; fileRef = 110ED47825E01B880010881E /* PluginPrismDemoUITests.swift */; };
/* End PBXBuildFile section */

/* Begin PBXContainerItemProxy section */
		110ED46A25E01B880010881E /* PBXContainerItemProxy */ = {
			isa = PBXContainerItemProxy;
			containerPortal = 110ED45025E01B870010881E /* Project object */;
			proxyType = 1;
			remoteGlobalIDString = 110ED45725E01B870010881E;
			remoteInfo = PluginPrismDemo;
		};
		110ED47525E01B880010881E /* PBXContainerItemProxy */ = {
			isa = PBXContainerItemProxy;
			containerPortal = 110ED45025E01B870010881E /* Project object */;
			proxyType = 1;
			remoteGlobalIDString = 110ED45725E01B870010881E;
			remoteInfo = PluginPrismDemo;
		};
/* End PBXContainerItemProxy section */

/* Begin PBXCopyFilesBuildPhase section */
		1106927F25E1905D0012F496 /* Embed Frameworks */ = {
			isa = PBXCopyFilesBuildPhase;
			buildActionMask = 2147483647;
			dstPath = "";
			dstSubfolderSpec = 10;
			files = (
				1106927E25E1905D0012F496 /* EMMAPluginPrism.framework in Embed Frameworks */,
			);
			name = "Embed Frameworks";
			runOnlyForDeploymentPostprocessing = 0;
		};
/* End PBXCopyFilesBuildPhase section */

/* Begin PBXFileReference section */
		1106925025E18A440012F496 /* EMMAPluginPrism.framework */ = {isa = PBXFileReference; lastKnownFileType = wrapper.framework; name = EMMAPluginPrism.framework; path = "../../../../Library/Developer/Xcode/DerivedData/EMMAPluginPrism-gzonyunzbnworhbcbuoebsvzxvap/Build/Products/Debug-iphoneos/EMMAPluginPrism.framework"; sourceTree = "<group>"; };
		1106925A25E18AF60012F496 /* AppDelegate.swift */ = {isa = PBXFileReference; fileEncoding = 4; lastKnownFileType = sourcecode.swift; path = AppDelegate.swift; sourceTree = "<group>"; };
		1106927425E18F980012F496 /* EMMAPluginPrism.framework */ = {isa = PBXFileReference; lastKnownFileType = wrapper.framework; name = EMMAPluginPrism.framework; path = "../../../../Library/Developer/Xcode/DerivedData/EMMAPluginPrism-gzonyunzbnworhbcbuoebsvzxvap/Build/Products/Debug-iphonesimulator/EMMAPluginPrism.framework"; sourceTree = "<group>"; };
		110ED45825E01B870010881E /* PluginPrismDemo.app */ = {isa = PBXFileReference; explicitFileType = wrapper.application; includeInIndex = 0; path = PluginPrismDemo.app; sourceTree = BUILT_PRODUCTS_DIR; };
		110ED45B25E01B870010881E /* PluginPrismDemoApp.swift */ = {isa = PBXFileReference; lastKnownFileType = sourcecode.swift; path = PluginPrismDemoApp.swift; sourceTree = "<group>"; };
		110ED45D25E01B880010881E /* ContentView.swift */ = {isa = PBXFileReference; lastKnownFileType = sourcecode.swift; path = ContentView.swift; sourceTree = "<group>"; };
		110ED45F25E01B880010881E /* Assets.xcassets */ = {isa = PBXFileReference; lastKnownFileType = folder.assetcatalog; path = Assets.xcassets; sourceTree = "<group>"; };
		110ED46225E01B880010881E /* Preview Assets.xcassets */ = {isa = PBXFileReference; lastKnownFileType = folder.assetcatalog; path = "Preview Assets.xcassets"; sourceTree = "<group>"; };
		110ED46425E01B880010881E /* Info.plist */ = {isa = PBXFileReference; lastKnownFileType = text.plist.xml; path = Info.plist; sourceTree = "<group>"; };
		110ED46925E01B880010881E /* PluginPrismDemoTests.xctest */ = {isa = PBXFileReference; explicitFileType = wrapper.cfbundle; includeInIndex = 0; path = PluginPrismDemoTests.xctest; sourceTree = BUILT_PRODUCTS_DIR; };
		110ED46D25E01B880010881E /* PluginPrismDemoTests.swift */ = {isa = PBXFileReference; lastKnownFileType = sourcecode.swift; path = PluginPrismDemoTests.swift; sourceTree = "<group>"; };
		110ED46F25E01B880010881E /* Info.plist */ = {isa = PBXFileReference; lastKnownFileType = text.plist.xml; path = Info.plist; sourceTree = "<group>"; };
		110ED47425E01B880010881E /* PluginPrismDemoUITests.xctest */ = {isa = PBXFileReference; explicitFileType = wrapper.cfbundle; includeInIndex = 0; path = PluginPrismDemoUITests.xctest; sourceTree = BUILT_PRODUCTS_DIR; };
		110ED47825E01B880010881E /* PluginPrismDemoUITests.swift */ = {isa = PBXFileReference; lastKnownFileType = sourcecode.swift; path = PluginPrismDemoUITests.swift; sourceTree = "<group>"; };
		110ED47A25E01B880010881E /* Info.plist */ = {isa = PBXFileReference; lastKnownFileType = text.plist.xml; path = Info.plist; sourceTree = "<group>"; };
/* End PBXFileReference section */

/* Begin PBXFrameworksBuildPhase section */
		110ED45525E01B870010881E /* Frameworks */ = {
			isa = PBXFrameworksBuildPhase;
			buildActionMask = 2147483647;
			files = (
				1106927D25E1905D0012F496 /* EMMAPluginPrism.framework in Frameworks */,
			);
			runOnlyForDeploymentPostprocessing = 0;
		};
		110ED46625E01B880010881E /* Frameworks */ = {
			isa = PBXFrameworksBuildPhase;
			buildActionMask = 2147483647;
			files = (
			);
			runOnlyForDeploymentPostprocessing = 0;
		};
		110ED47125E01B880010881E /* Frameworks */ = {
			isa = PBXFrameworksBuildPhase;
			buildActionMask = 2147483647;
			files = (
			);
			runOnlyForDeploymentPostprocessing = 0;
		};
/* End PBXFrameworksBuildPhase section */

/* Begin PBXGroup section */
		1106924F25E18A440012F496 /* Frameworks */ = {
			isa = PBXGroup;
			children = (
				1106927425E18F980012F496 /* EMMAPluginPrism.framework */,
				1106925025E18A440012F496 /* EMMAPluginPrism.framework */,
			);
			name = Frameworks;
			sourceTree = "<group>";
		};
		110ED44F25E01B870010881E = {
			isa = PBXGroup;
			children = (
				110ED45A25E01B870010881E /* PluginPrismDemo */,
				110ED46C25E01B880010881E /* PluginPrismDemoTests */,
				110ED47725E01B880010881E /* PluginPrismDemoUITests */,
				110ED45925E01B870010881E /* Products */,
				1106924F25E18A440012F496 /* Frameworks */,
			);
			sourceTree = "<group>";
		};
		110ED45925E01B870010881E /* Products */ = {
			isa = PBXGroup;
			children = (
				110ED45825E01B870010881E /* PluginPrismDemo.app */,
				110ED46925E01B880010881E /* PluginPrismDemoTests.xctest */,
				110ED47425E01B880010881E /* PluginPrismDemoUITests.xctest */,
			);
			name = Products;
			sourceTree = "<group>";
		};
		110ED45A25E01B870010881E /* PluginPrismDemo */ = {
			isa = PBXGroup;
			children = (
				1106925A25E18AF60012F496 /* AppDelegate.swift */,
				110ED45B25E01B870010881E /* PluginPrismDemoApp.swift */,
				110ED45D25E01B880010881E /* ContentView.swift */,
				110ED45F25E01B880010881E /* Assets.xcassets */,
				110ED46425E01B880010881E /* Info.plist */,
				110ED46125E01B880010881E /* Preview Content */,
			);
			path = PluginPrismDemo;
			sourceTree = "<group>";
		};
		110ED46125E01B880010881E /* Preview Content */ = {
			isa = PBXGroup;
			children = (
				110ED46225E01B880010881E /* Preview Assets.xcassets */,
			);
			path = "Preview Content";
			sourceTree = "<group>";
		};
		110ED46C25E01B880010881E /* PluginPrismDemoTests */ = {
			isa = PBXGroup;
			children = (
				110ED46D25E01B880010881E /* PluginPrismDemoTests.swift */,
				110ED46F25E01B880010881E /* Info.plist */,
			);
			path = PluginPrismDemoTests;
			sourceTree = "<group>";
		};
		110ED47725E01B880010881E /* PluginPrismDemoUITests */ = {
			isa = PBXGroup;
			children = (
				110ED47825E01B880010881E /* PluginPrismDemoUITests.swift */,
				110ED47A25E01B880010881E /* Info.plist */,
			);
			path = PluginPrismDemoUITests;
			sourceTree = "<group>";
		};
/* End PBXGroup section */

/* Begin PBXNativeTarget section */
		110ED45725E01B870010881E /* PluginPrismDemo */ = {
			isa = PBXNativeTarget;
			buildConfigurationList = 110ED47D25E01B880010881E /* Build configuration list for PBXNativeTarget "PluginPrismDemo" */;
			buildPhases = (
				110ED45425E01B870010881E /* Sources */,
				110ED45525E01B870010881E /* Frameworks */,
				110ED45625E01B870010881E /* Resources */,
				1106927F25E1905D0012F496 /* Embed Frameworks */,
			);
			buildRules = (
			);
			dependencies = (
			);
			name = PluginPrismDemo;
			productName = PluginPrismDemo;
			productReference = 110ED45825E01B870010881E /* PluginPrismDemo.app */;
			productType = "com.apple.product-type.application";
		};
		110ED46825E01B880010881E /* PluginPrismDemoTests */ = {
			isa = PBXNativeTarget;
			buildConfigurationList = 110ED48025E01B880010881E /* Build configuration list for PBXNativeTarget "PluginPrismDemoTests" */;
			buildPhases = (
				110ED46525E01B880010881E /* Sources */,
				110ED46625E01B880010881E /* Frameworks */,
				110ED46725E01B880010881E /* Resources */,
			);
			buildRules = (
			);
			dependencies = (
				110ED46B25E01B880010881E /* PBXTargetDependency */,
			);
			name = PluginPrismDemoTests;
			productName = PluginPrismDemoTests;
			productReference = 110ED46925E01B880010881E /* PluginPrismDemoTests.xctest */;
			productType = "com.apple.product-type.bundle.unit-test";
		};
		110ED47325E01B880010881E /* PluginPrismDemoUITests */ = {
			isa = PBXNativeTarget;
			buildConfigurationList = 110ED48325E01B880010881E /* Build configuration list for PBXNativeTarget "PluginPrismDemoUITests" */;
			buildPhases = (
				110ED47025E01B880010881E /* Sources */,
				110ED47125E01B880010881E /* Frameworks */,
				110ED47225E01B880010881E /* Resources */,
			);
			buildRules = (
			);
			dependencies = (
				110ED47625E01B880010881E /* PBXTargetDependency */,
			);
			name = PluginPrismDemoUITests;
			productName = PluginPrismDemoUITests;
			productReference = 110ED47425E01B880010881E /* PluginPrismDemoUITests.xctest */;
			productType = "com.apple.product-type.bundle.ui-testing";
		};
/* End PBXNativeTarget section */

/* Begin PBXProject section */
		110ED45025E01B870010881E /* Project object */ = {
			isa = PBXProject;
			attributes = {
				LastSwiftUpdateCheck = 1240;
				LastUpgradeCheck = 1240;
				TargetAttributes = {
					110ED45725E01B870010881E = {
						CreatedOnToolsVersion = 12.4;
					};
					110ED46825E01B880010881E = {
						CreatedOnToolsVersion = 12.4;
						TestTargetID = 110ED45725E01B870010881E;
					};
					110ED47325E01B880010881E = {
						CreatedOnToolsVersion = 12.4;
						TestTargetID = 110ED45725E01B870010881E;
					};
				};
			};
			buildConfigurationList = 110ED45325E01B870010881E /* Build configuration list for PBXProject "PluginPrismDemo" */;
			compatibilityVersion = "Xcode 9.3";
			developmentRegion = en;
			hasScannedForEncodings = 0;
			knownRegions = (
				en,
				Base,
			);
			mainGroup = 110ED44F25E01B870010881E;
			productRefGroup = 110ED45925E01B870010881E /* Products */;
			projectDirPath = "";
			projectRoot = "";
			targets = (
				110ED45725E01B870010881E /* PluginPrismDemo */,
				110ED46825E01B880010881E /* PluginPrismDemoTests */,
				110ED47325E01B880010881E /* PluginPrismDemoUITests */,
			);
		};
/* End PBXProject section */

/* Begin PBXResourcesBuildPhase section */
		110ED45625E01B870010881E /* Resources */ = {
			isa = PBXResourcesBuildPhase;
			buildActionMask = 2147483647;
			files = (
				110ED46325E01B880010881E /* Preview Assets.xcassets in Resources */,
				110ED46025E01B880010881E /* Assets.xcassets in Resources */,
			);
			runOnlyForDeploymentPostprocessing = 0;
		};
		110ED46725E01B880010881E /* Resources */ = {
			isa = PBXResourcesBuildPhase;
			buildActionMask = 2147483647;
			files = (
			);
			runOnlyForDeploymentPostprocessing = 0;
		};
		110ED47225E01B880010881E /* Resources */ = {
			isa = PBXResourcesBuildPhase;
			buildActionMask = 2147483647;
			files = (
			);
			runOnlyForDeploymentPostprocessing = 0;
		};
/* End PBXResourcesBuildPhase section */

/* Begin PBXSourcesBuildPhase section */
		110ED45425E01B870010881E /* Sources */ = {
			isa = PBXSourcesBuildPhase;
			buildActionMask = 2147483647;
			files = (
				1106925B25E18AF60012F496 /* AppDelegate.swift in Sources */,
				110ED45E25E01B880010881E /* ContentView.swift in Sources */,
				110ED45C25E01B870010881E /* PluginPrismDemoApp.swift in Sources */,
			);
			runOnlyForDeploymentPostprocessing = 0;
		};
		110ED46525E01B880010881E /* Sources */ = {
			isa = PBXSourcesBuildPhase;
			buildActionMask = 2147483647;
			files = (
				110ED46E25E01B880010881E /* PluginPrismDemoTests.swift in Sources */,
			);
			runOnlyForDeploymentPostprocessing = 0;
		};
		110ED47025E01B880010881E /* Sources */ = {
			isa = PBXSourcesBuildPhase;
			buildActionMask = 2147483647;
			files = (
				110ED47925E01B880010881E /* PluginPrismDemoUITests.swift in Sources */,
			);
			runOnlyForDeploymentPostprocessing = 0;
		};
/* End PBXSourcesBuildPhase section */

/* Begin PBXTargetDependency section */
		110ED46B25E01B880010881E /* PBXTargetDependency */ = {
			isa = PBXTargetDependency;
			target = 110ED45725E01B870010881E /* PluginPrismDemo */;
			targetProxy = 110ED46A25E01B880010881E /* PBXContainerItemProxy */;
		};
		110ED47625E01B880010881E /* PBXTargetDependency */ = {
			isa = PBXTargetDependency;
			target = 110ED45725E01B870010881E /* PluginPrismDemo */;
			targetProxy = 110ED47525E01B880010881E /* PBXContainerItemProxy */;
		};
/* End PBXTargetDependency section */

/* Begin XCBuildConfiguration section */
		110ED47B25E01B880010881E /* Debug */ = {
			isa = XCBuildConfiguration;
			buildSettings = {
				ALWAYS_SEARCH_USER_PATHS = NO;
				CLANG_ANALYZER_NONNULL = YES;
				CLANG_ANALYZER_NUMBER_OBJECT_CONVERSION = YES_AGGRESSIVE;
				CLANG_CXX_LANGUAGE_STANDARD = "gnu++14";
				CLANG_CXX_LIBRARY = "libc++";
				CLANG_ENABLE_MODULES = YES;
				CLANG_ENABLE_OBJC_ARC = YES;
				CLANG_ENABLE_OBJC_WEAK = YES;
				CLANG_WARN_BLOCK_CAPTURE_AUTORELEASING = YES;
				CLANG_WARN_BOOL_CONVERSION = YES;
				CLANG_WARN_COMMA = YES;
				CLANG_WARN_CONSTANT_CONVERSION = YES;
				CLANG_WARN_DEPRECATED_OBJC_IMPLEMENTATIONS = YES;
				CLANG_WARN_DIRECT_OBJC_ISA_USAGE = YES_ERROR;
				CLANG_WARN_DOCUMENTATION_COMMENTS = YES;
				CLANG_WARN_EMPTY_BODY = YES;
				CLANG_WARN_ENUM_CONVERSION = YES;
				CLANG_WARN_INFINITE_RECURSION = YES;
				CLANG_WARN_INT_CONVERSION = YES;
				CLANG_WARN_NON_LITERAL_NULL_CONVERSION = YES;
				CLANG_WARN_OBJC_IMPLICIT_RETAIN_SELF = YES;
				CLANG_WARN_OBJC_LITERAL_CONVERSION = YES;
				CLANG_WARN_OBJC_ROOT_CLASS = YES_ERROR;
				CLANG_WARN_QUOTED_INCLUDE_IN_FRAMEWORK_HEADER = YES;
				CLANG_WARN_RANGE_LOOP_ANALYSIS = YES;
				CLANG_WARN_STRICT_PROTOTYPES = YES;
				CLANG_WARN_SUSPICIOUS_MOVE = YES;
				CLANG_WARN_UNGUARDED_AVAILABILITY = YES_AGGRESSIVE;
				CLANG_WARN_UNREACHABLE_CODE = YES;
				CLANG_WARN__DUPLICATE_METHOD_MATCH = YES;
				COPY_PHASE_STRIP = NO;
				DEBUG_INFORMATION_FORMAT = dwarf;
				ENABLE_STRICT_OBJC_MSGSEND = YES;
				ENABLE_TESTABILITY = YES;
				GCC_C_LANGUAGE_STANDARD = gnu11;
				GCC_DYNAMIC_NO_PIC = NO;
				GCC_NO_COMMON_BLOCKS = YES;
				GCC_OPTIMIZATION_LEVEL = 0;
				GCC_PREPROCESSOR_DEFINITIONS = (
					"DEBUG=1",
					"$(inherited)",
				);
				GCC_WARN_64_TO_32_BIT_CONVERSION = YES;
				GCC_WARN_ABOUT_RETURN_TYPE = YES_ERROR;
				GCC_WARN_UNDECLARED_SELECTOR = YES;
				GCC_WARN_UNINITIALIZED_AUTOS = YES_AGGRESSIVE;
				GCC_WARN_UNUSED_FUNCTION = YES;
				GCC_WARN_UNUSED_VARIABLE = YES;
				IPHONEOS_DEPLOYMENT_TARGET = 14.4;
				MTL_ENABLE_DEBUG_INFO = INCLUDE_SOURCE;
				MTL_FAST_MATH = YES;
				ONLY_ACTIVE_ARCH = YES;
				SDKROOT = iphoneos;
				SWIFT_ACTIVE_COMPILATION_CONDITIONS = DEBUG;
				SWIFT_OPTIMIZATION_LEVEL = "-Onone";
			};
			name = Debug;
		};
		110ED47C25E01B880010881E /* Release */ = {
			isa = XCBuildConfiguration;
			buildSettings = {
				ALWAYS_SEARCH_USER_PATHS = NO;
				CLANG_ANALYZER_NONNULL = YES;
				CLANG_ANALYZER_NUMBER_OBJECT_CONVERSION = YES_AGGRESSIVE;
				CLANG_CXX_LANGUAGE_STANDARD = "gnu++14";
				CLANG_CXX_LIBRARY = "libc++";
				CLANG_ENABLE_MODULES = YES;
				CLANG_ENABLE_OBJC_ARC = YES;
				CLANG_ENABLE_OBJC_WEAK = YES;
				CLANG_WARN_BLOCK_CAPTURE_AUTORELEASING = YES;
				CLANG_WARN_BOOL_CONVERSION = YES;
				CLANG_WARN_COMMA = YES;
				CLANG_WARN_CONSTANT_CONVERSION = YES;
				CLANG_WARN_DEPRECATED_OBJC_IMPLEMENTATIONS = YES;
				CLANG_WARN_DIRECT_OBJC_ISA_USAGE = YES_ERROR;
				CLANG_WARN_DOCUMENTATION_COMMENTS = YES;
				CLANG_WARN_EMPTY_BODY = YES;
				CLANG_WARN_ENUM_CONVERSION = YES;
				CLANG_WARN_INFINITE_RECURSION = YES;
				CLANG_WARN_INT_CONVERSION = YES;
				CLANG_WARN_NON_LITERAL_NULL_CONVERSION = YES;
				CLANG_WARN_OBJC_IMPLICIT_RETAIN_SELF = YES;
				CLANG_WARN_OBJC_LITERAL_CONVERSION = YES;
				CLANG_WARN_OBJC_ROOT_CLASS = YES_ERROR;
				CLANG_WARN_QUOTED_INCLUDE_IN_FRAMEWORK_HEADER = YES;
				CLANG_WARN_RANGE_LOOP_ANALYSIS = YES;
				CLANG_WARN_STRICT_PROTOTYPES = YES;
				CLANG_WARN_SUSPICIOUS_MOVE = YES;
				CLANG_WARN_UNGUARDED_AVAILABILITY = YES_AGGRESSIVE;
				CLANG_WARN_UNREACHABLE_CODE = YES;
				CLANG_WARN__DUPLICATE_METHOD_MATCH = YES;
				COPY_PHASE_STRIP = NO;
				DEBUG_INFORMATION_FORMAT = "dwarf-with-dsym";
				ENABLE_NS_ASSERTIONS = NO;
				ENABLE_STRICT_OBJC_MSGSEND = YES;
				GCC_C_LANGUAGE_STANDARD = gnu11;
				GCC_NO_COMMON_BLOCKS = YES;
				GCC_WARN_64_TO_32_BIT_CONVERSION = YES;
				GCC_WARN_ABOUT_RETURN_TYPE = YES_ERROR;
				GCC_WARN_UNDECLARED_SELECTOR = YES;
				GCC_WARN_UNINITIALIZED_AUTOS = YES_AGGRESSIVE;
				GCC_WARN_UNUSED_FUNCTION = YES;
				GCC_WARN_UNUSED_VARIABLE = YES;
				IPHONEOS_DEPLOYMENT_TARGET = 14.4;
				MTL_ENABLE_DEBUG_INFO = NO;
				MTL_FAST_MATH = YES;
				SDKROOT = iphoneos;
				SWIFT_COMPILATION_MODE = wholemodule;
				SWIFT_OPTIMIZATION_LEVEL = "-O";
				VALIDATE_PRODUCT = YES;
			};
			name = Release;
		};
		110ED47E25E01B880010881E /* Debug */ = {
			isa = XCBuildConfiguration;
			buildSettings = {
				ASSETCATALOG_COMPILER_APPICON_NAME = AppIcon;
				ASSETCATALOG_COMPILER_GLOBAL_ACCENT_COLOR_NAME = AccentColor;
				CODE_SIGN_STYLE = Automatic;
				DEVELOPMENT_ASSET_PATHS = "\"PluginPrismDemo/Preview Content\"";
				DEVELOPMENT_TEAM = V9SQWVREY8;
				ENABLE_PREVIEWS = YES;
				INFOPLIST_FILE = PluginPrismDemo/Info.plist;
				IPHONEOS_DEPLOYMENT_TARGET = 14.0;
				LD_RUNPATH_SEARCH_PATHS = (
					"$(inherited)",
					"@executable_path/Frameworks",
				);
				PRODUCT_BUNDLE_IDENTIFIER = io.emma.PluginPrismDemo;
				PRODUCT_NAME = "$(TARGET_NAME)";
				SWIFT_VERSION = 5.0;
				TARGETED_DEVICE_FAMILY = "1,2";
			};
			name = Debug;
		};
		110ED47F25E01B880010881E /* Release */ = {
			isa = XCBuildConfiguration;
			buildSettings = {
				ASSETCATALOG_COMPILER_APPICON_NAME = AppIcon;
				ASSETCATALOG_COMPILER_GLOBAL_ACCENT_COLOR_NAME = AccentColor;
				CODE_SIGN_STYLE = Automatic;
				DEVELOPMENT_ASSET_PATHS = "\"PluginPrismDemo/Preview Content\"";
				DEVELOPMENT_TEAM = V9SQWVREY8;
				ENABLE_PREVIEWS = YES;
				INFOPLIST_FILE = PluginPrismDemo/Info.plist;
				IPHONEOS_DEPLOYMENT_TARGET = 14.0;
				LD_RUNPATH_SEARCH_PATHS = (
					"$(inherited)",
					"@executable_path/Frameworks",
				);
				PRODUCT_BUNDLE_IDENTIFIER = io.emma.PluginPrismDemo;
				PRODUCT_NAME = "$(TARGET_NAME)";
				SWIFT_VERSION = 5.0;
				TARGETED_DEVICE_FAMILY = "1,2";
			};
			name = Release;
		};
		110ED48125E01B880010881E /* Debug */ = {
			isa = XCBuildConfiguration;
			buildSettings = {
				ALWAYS_EMBED_SWIFT_STANDARD_LIBRARIES = YES;
				BUNDLE_LOADER = "$(TEST_HOST)";
				CODE_SIGN_STYLE = Automatic;
				DEVELOPMENT_TEAM = V9SQWVREY8;
				INFOPLIST_FILE = PluginPrismDemoTests/Info.plist;
				IPHONEOS_DEPLOYMENT_TARGET = 14.0;
				LD_RUNPATH_SEARCH_PATHS = (
					"$(inherited)",
					"@executable_path/Frameworks",
					"@loader_path/Frameworks",
				);
				PRODUCT_BUNDLE_IDENTIFIER = io.emma.PluginPrismDemoTests;
				PRODUCT_NAME = "$(TARGET_NAME)";
				SWIFT_VERSION = 5.0;
				TARGETED_DEVICE_FAMILY = "1,2";
				TEST_HOST = "$(BUILT_PRODUCTS_DIR)/PluginPrismDemo.app/PluginPrismDemo";
			};
			name = Debug;
		};
		110ED48225E01B880010881E /* Release */ = {
			isa = XCBuildConfiguration;
			buildSettings = {
				ALWAYS_EMBED_SWIFT_STANDARD_LIBRARIES = YES;
				BUNDLE_LOADER = "$(TEST_HOST)";
				CODE_SIGN_STYLE = Automatic;
				DEVELOPMENT_TEAM = V9SQWVREY8;
				INFOPLIST_FILE = PluginPrismDemoTests/Info.plist;
				IPHONEOS_DEPLOYMENT_TARGET = 14.0;
				LD_RUNPATH_SEARCH_PATHS = (
					"$(inherited)",
					"@executable_path/Frameworks",
					"@loader_path/Frameworks",
				);
				PRODUCT_BUNDLE_IDENTIFIER = io.emma.PluginPrismDemoTests;
				PRODUCT_NAME = "$(TARGET_NAME)";
				SWIFT_VERSION = 5.0;
				TARGETED_DEVICE_FAMILY = "1,2";
				TEST_HOST = "$(BUILT_PRODUCTS_DIR)/PluginPrismDemo.app/PluginPrismDemo";
			};
			name = Release;
		};
		110ED48425E01B880010881E /* Debug */ = {
			isa = XCBuildConfiguration;
			buildSettings = {
				ALWAYS_EMBED_SWIFT_STANDARD_LIBRARIES = YES;
				CODE_SIGN_STYLE = Automatic;
				DEVELOPMENT_TEAM = V9SQWVREY8;
				INFOPLIST_FILE = PluginPrismDemoUITests/Info.plist;
				LD_RUNPATH_SEARCH_PATHS = (
					"$(inherited)",
					"@executable_path/Frameworks",
					"@loader_path/Frameworks",
				);
				PRODUCT_BUNDLE_IDENTIFIER = io.emma.PluginPrismDemoUITests;
				PRODUCT_NAME = "$(TARGET_NAME)";
				SWIFT_VERSION = 5.0;
				TARGETED_DEVICE_FAMILY = "1,2";
				TEST_TARGET_NAME = PluginPrismDemo;
			};
			name = Debug;
		};
		110ED48525E01B880010881E /* Release */ = {
			isa = XCBuildConfiguration;
			buildSettings = {
				ALWAYS_EMBED_SWIFT_STANDARD_LIBRARIES = YES;
				CODE_SIGN_STYLE = Automatic;
				DEVELOPMENT_TEAM = V9SQWVREY8;
				INFOPLIST_FILE = PluginPrismDemoUITests/Info.plist;
				LD_RUNPATH_SEARCH_PATHS = (
					"$(inherited)",
					"@executable_path/Frameworks",
					"@loader_path/Frameworks",
				);
				PRODUCT_BUNDLE_IDENTIFIER = io.emma.PluginPrismDemoUITests;
				PRODUCT_NAME = "$(TARGET_NAME)";
				SWIFT_VERSION = 5.0;
				TARGETED_DEVICE_FAMILY = "1,2";
				TEST_TARGET_NAME = PluginPrismDemo;
			};
			name = Release;
		};
/* End XCBuildConfiguration section */

/* Begin XCConfigurationList section */
		110ED45325E01B870010881E /* Build configuration list for PBXProject "PluginPrismDemo" */ = {
			isa = XCConfigurationList;
			buildConfigurations = (
				110ED47B25E01B880010881E /* Debug */,
				110ED47C25E01B880010881E /* Release */,
			);
			defaultConfigurationIsVisible = 0;
			defaultConfigurationName = Release;
		};
		110ED47D25E01B880010881E /* Build configuration list for PBXNativeTarget "PluginPrismDemo" */ = {
			isa = XCConfigurationList;
			buildConfigurations = (
				110ED47E25E01B880010881E /* Debug */,
				110ED47F25E01B880010881E /* Release */,
			);
			defaultConfigurationIsVisible = 0;
			defaultConfigurationName = Release;
		};
		110ED48025E01B880010881E /* Build configuration list for PBXNativeTarget "PluginPrismDemoTests" */ = {
			isa = XCConfigurationList;
			buildConfigurations = (
				110ED48125E01B880010881E /* Debug */,
				110ED48225E01B880010881E /* Release */,
			);
			defaultConfigurationIsVisible = 0;
			defaultConfigurationName = Release;
		};
		110ED48325E01B880010881E /* Build configuration list for PBXNativeTarget "PluginPrismDemoUITests" */ = {
			isa = XCConfigurationList;
			buildConfigurations = (
				110ED48425E01B880010881E /* Debug */,
				110ED48525E01B880010881E /* Release */,
			);
			defaultConfigurationIsVisible = 0;
			defaultConfigurationName = Release;
		};
/* End XCConfigurationList section */
	};
	rootObject = 110ED45025E01B870010881E /* Project object */;
}
