{
  "object": {
    "pins": [
      {
        "package": "EMMA_iOS",
        "repositoryURL": "https://github.com/EMMADevelopment/eMMa-iOS-SDK.git",
        "state": {
          "branch": null,
          "revision": "7a662f1fef58a20e9633cb3503f02190a85437db",
          "version": "4.9.0"
        }
      }
    ]
  },
  "version": 1
}
