{
  "object": {
    "pins": [
      {
        "package": "EMMA_iOS",
        "repositoryURL": "https://github.com/EMMADevelopment/eMMa-iOS-SDK.git",
        "state": {
          "branch": null,
          "revision": "826c1903dc979f4d2a832ecb0598ec6ac01699a9",
          "version": "4.9.0-beta4"
        }
      }
    ]
  },
  "version": 1
}
